
Microsoft Visual Studio Solution File, Format Version 12.00
# Visual Studio Version 17
VisualStudioVersion = 17.9.34728.123
MinimumVisualStudioVersion = 10.0.40219.1
Project("{9A19103F-16F7-4668-BE54-9A1E7A4F7556}") = "BulkyWeb", "BulkyWeb\BulkyWeb.csproj", "{1E9B9513-88BA-4619-91FD-3BC3234624F3}"
EndProject
Project("{FAE04EC0-301F-11D3-BF4B-00C04F79EFBC}") = "Bulky.Models", "Bulky.Models\Bulky.Models.csproj", "{904FE551-EDFE-4FEB-B9BA-C3CB064A78A4}"
EndProject
Project("{FAE04EC0-301F-11D3-BF4B-00C04F79EFBC}") = "Bulky.Utility", "Bulky.Utility\Bulky.Utility.csproj", "{06CF1E0E-71E4-4E98-92F0-6275D93CF875}"
EndProject
Project("{FAE04EC0-301F-11D3-BF4B-00C04F79EFBC}") = "Bulky.DataAccess", "Bulky.DataAccess\Bulky.DataAccess.csproj", "{C383B7FF-3372-41DE-8409-DB63DF53A599}"
EndProject
Global
	GlobalSection(SolutionConfigurationPlatforms) = preSolution
		Debug|Any CPU = Debug|Any CPU
		Release|Any CPU = Release|Any CPU
	EndGlobalSection
	GlobalSection(ProjectConfigurationPlatforms) = postSolution
		{1E9B9513-88BA-4619-91FD-3BC3234624F3}.Debug|Any CPU.ActiveCfg = Debug|Any CPU
		{1E9B9513-88BA-4619-91FD-3BC3234624F3}.Debug|Any CPU.Build.0 = Debug|Any CPU
		{1E9B9513-88BA-4619-91FD-3BC3234624F3}.Release|Any CPU.ActiveCfg = Release|Any CPU
		{1E9B9513-88BA-4619-91FD-3BC3234624F3}.Release|Any CPU.Build.0 = Release|Any CPU
		{904FE551-EDFE-4FEB-B9BA-C3CB064A78A4}.Debug|Any CPU.ActiveCfg = Debug|Any CPU
		{904FE551-EDFE-4FEB-B9BA-C3CB064A78A4}.Debug|Any CPU.Build.0 = Debug|Any CPU
		{904FE551-EDFE-4FEB-B9BA-C3CB064A78A4}.Release|Any CPU.ActiveCfg = Release|Any CPU
		{904FE551-EDFE-4FEB-B9BA-C3CB064A78A4}.Release|Any CPU.Build.0 = Release|Any CPU
		{06CF1E0E-71E4-4E98-92F0-6275D93CF875}.Debug|Any CPU.ActiveCfg = Debug|Any CPU
		{06CF1E0E-71E4-4E98-92F0-6275D93CF875}.Debug|Any CPU.Build.0 = Debug|Any CPU
		{06CF1E0E-71E4-4E98-92F0-6275D93CF875}.Release|Any CPU.ActiveCfg = Release|Any CPU
		{06CF1E0E-71E4-4E98-92F0-6275D93CF875}.Release|Any CPU.Build.0 = Release|Any CPU
		{C383B7FF-3372-41DE-8409-DB63DF53A599}.Debug|Any CPU.ActiveCfg = Debug|Any CPU
		{C383B7FF-3372-41DE-8409-DB63DF53A599}.Debug|Any CPU.Build.0 = Debug|Any CPU
		{C383B7FF-3372-41DE-8409-DB63DF53A599}.Release|Any CPU.ActiveCfg = Release|Any CPU
		{C383B7FF-3372-41DE-8409-DB63DF53A599}.Release|Any CPU.Build.0 = Release|Any CPU
	EndGlobalSection
	GlobalSection(SolutionProperties) = preSolution
		HideSolutionNode = FALSE
	EndGlobalSection
	GlobalSection(ExtensibilityGlobals) = postSolution
		SolutionGuid = {D2119E73-304E-4DFE-B218-2585548A7CF3}
	EndGlobalSection
EndGlobal
